// !$*UTF8*$!
{
	archiveVersion = 1;
	classes = {
	};
	objectVersion = 46;
	objects = {

/* Begin PBXBuildFile section */
		2BC9F7D81AA6FA9A009A1331 /* main.cc in Sources */ = {isa = PBXBuildFile; fileRef = 2BC9F7D71AA6FA9A009A1331 /* main.cc */; };
/* End PBXBuildFile section */

/* Begin PBXCopyFilesBuildPhase section */
		2BC9F7D21AA6FA9A009A1331 /* CopyFiles */ = {
			isa = PBXCopyFilesBuildPhase;
			buildActionMask = 2147483647;
			dstPath = /usr/share/man/man1/;
			dstSubfolderSpec = 0;
			files = (
			);
			runOnlyForDeploymentPostprocessing = 1;
		};
/* End PBXCopyFilesBuildPhase section */

/* Begin PBXFileReference section */
		2BC9F7D41AA6FA9A009A1331 /* Controller_commandline */ = {isa = PBXFileReference; explicitFileType = "compiled.mach-o.executable"; includeInIndex = 0; path = Controller_commandline; sourceTree = BUILT_PRODUCTS_DIR; };
		2BC9F7D71AA6FA9A009A1331 /* main.cc */ = {isa = PBXFileReference; lastKnownFileType = sourcecode.cpp.cpp; path = main.cc; sourceTree = "<group>"; };
/* End PBXFileReference section */

/* Begin PBXFrameworksBuildPhase section */
		2BC9F7D11AA6FA9A009A1331 /* Frameworks */ = {
			isa = PBXFrameworksBuildPhase;
			buildActionMask = 2147483647;
			files = (
			);
			runOnlyForDeploymentPostprocessing = 0;
		};
/* End PBXFrameworksBuildPhase section */

/* Begin PBXGroup section */
		2BC9F7CB1AA6FA9A009A1331 = {
			isa = PBXGroup;
			children = (
				2BC9F7D61AA6FA9A009A1331 /* Controller_commandline */,
				2BC9F7D51AA6FA9A009A1331 /* Products */,
			);
			sourceTree = "<group>";
		};
		2BC9F7D51AA6FA9A009A1331 /* Products */ = {
			isa = PBXGroup;
			children = (
				2BC9F7D41AA6FA9A009A1331 /* Controller_commandline */,
			);
			name = Products;
			sourceTree = "<group>";
		};
		2BC9F7D61AA6FA9A009A1331 /* Controller_commandline */ = {
			isa = PBXGroup;
			children = (
				2BC9F7D71AA6FA9A009A1331 /* main.cc */,
			);
			path = Controller_commandline;
			sourceTree = "<group>";
		};
/* End PBXGroup section */

/* Begin PBXNativeTarget section */
		2BC9F7D31AA6FA9A009A1331 /* Controller_commandline */ = {
			isa = PBXNativeTarget;
			buildConfigurationList = 2BC9F7DB1AA6FA9A009A1331 /* Build configuration list for PBXNativeTarget "Controller_commandline" */;
			buildPhases = (
				2BC9F7D01AA6FA9A009A1331 /* Sources */,
				2BC9F7D11AA6FA9A009A1331 /* Frameworks */,
				2BC9F7D21AA6FA9A009A1331 /* CopyFiles */,
			);
			buildRules = (
			);
			dependencies = (
			);
			name = Controller_commandline;
			productName = Controller_commandline;
			productReference = 2BC9F7D41AA6FA9A009A1331 /* Controller_commandline */;
			productType = "com.apple.product-type.tool";
		};
/* End PBXNativeTarget section */

/* Begin PBXProject section */
		2BC9F7CC1AA6FA9A009A1331 /* Project object */ = {
			isa = PBXProject;
			attributes = {
				LastUpgradeCheck = 0610;
				ORGANIZATIONNAME = "David Karlsson";
				TargetAttributes = {
					2BC9F7D31AA6FA9A009A1331 = {
						CreatedOnToolsVersion = 6.1.1;
					};
				};
			};
			buildConfigurationList = 2BC9F7CF1AA6FA9A009A1331 /* Build configuration list for PBXProject "Controller_commandline" */;
			compatibilityVersion = "Xcode 3.2";
			developmentRegion = English;
			hasScannedForEncodings = 0;
			knownRegions = (
				en,
			);
			mainGroup = 2BC9F7CB1AA6FA9A009A1331;
			productRefGroup = 2BC9F7D51AA6FA9A009A1331 /* Products */;
			projectDirPath = "";
			projectRoot = "";
			targets = (
				2BC9F7D31AA6FA9A009A1331 /* Controller_commandline */,
			);
		};
/* End PBXProject section */

/* Begin PBXSourcesBuildPhase section */
		2BC9F7D01AA6FA9A009A1331 /* Sources */ = {
			isa = PBXSourcesBuildPhase;
			buildActionMask = 2147483647;
			files = (
				2BC9F7D81AA6FA9A009A1331 /* main.cc in Sources */,
			);
			runOnlyForDeploymentPostprocessing = 0;
		};
/* End PBXSourcesBuildPhase section */

/* Begin XCBuildConfiguration section */
		2BC9F7D91AA6FA9A009A1331 /* Debug */ = {
			isa = XCBuildConfiguration;
			buildSettings = {
				ALWAYS_SEARCH_USER_PATHS = NO;
				CLANG_CXX_LANGUAGE_STANDARD = "gnu++0x";
				CLANG_CXX_LIBRARY = "libc++";
				CLANG_ENABLE_MODULES = YES;
				CLANG_ENABLE_OBJC_ARC = YES;
				CLANG_WARN_BOOL_CONVERSION = YES;
				CLANG_WARN_CONSTANT_CONVERSION = YES;
				CLANG_WARN_DIRECT_OBJC_ISA_USAGE = YES_ERROR;
				CLANG_WARN_EMPTY_BODY = YES;
				CLANG_WARN_ENUM_CONVERSION = YES;
				CLANG_WARN_INT_CONVERSION = YES;
				CLANG_WARN_OBJC_ROOT_CLASS = YES_ERROR;
				CLANG_WARN_UNREACHABLE_CODE = YES;
				CLANG_WARN__DUPLICATE_METHOD_MATCH = YES;
				COPY_PHASE_STRIP = NO;
				ENABLE_STRICT_OBJC_MSGSEND = YES;
				GCC_C_LANGUAGE_STANDARD = gnu99;
				GCC_DYNAMIC_NO_PIC = NO;
				GCC_OPTIMIZATION_LEVEL = 0;
				GCC_PREPROCESSOR_DEFINITIONS = (
					"DEBUG=1",
					"$(inherited)",
				);
				GCC_SYMBOLS_PRIVATE_EXTERN = NO;
				GCC_WARN_64_TO_32_BIT_CONVERSION = YES;
				GCC_WARN_ABOUT_RETURN_TYPE = YES_ERROR;
				GCC_WARN_UNDECLARED_SELECTOR = YES;
				GCC_WARN_UNINITIALIZED_AUTOS = YES_AGGRESSIVE;
				GCC_WARN_UNUSED_FUNCTION = YES;
				GCC_WARN_UNUSED_VARIABLE = YES;
				MACOSX_DEPLOYMENT_TARGET = 10.9;
				MTL_ENABLE_DEBUG_INFO = YES;
				ONLY_ACTIVE_ARCH = YES;
				SDKROOT = macosx;
			};
			name = Debug;
		};
		2BC9F7DA1AA6FA9A009A1331 /* Release */ = {
			isa = XCBuildConfiguration;
			buildSettings = {
				ALWAYS_SEARCH_USER_PATHS = NO;
				CLANG_CXX_LANGUAGE_STANDARD = "gnu++0x";
				CLANG_CXX_LIBRARY = "libc++";
				CLANG_ENABLE_MODULES = YES;
				CLANG_ENABLE_OBJC_ARC = YES;
				CLANG_WARN_BOOL_CONVERSION = YES;
				CLANG_WARN_CONSTANT_CONVERSION = YES;
				CLANG_WARN_DIRECT_OBJC_ISA_USAGE = YES_ERROR;
				CLANG_WARN_EMPTY_BODY = YES;
				CLANG_WARN_ENUM_CONVERSION = YES;
				CLANG_WARN_INT_CONVERSION = YES;
				CLANG_WARN_OBJC_ROOT_CLASS = YES_ERROR;
				CLANG_WARN_UNREACHABLE_CODE = YES;
				CLANG_WARN__DUPLICATE_METHOD_MATCH = YES;
				COPY_PHASE_STRIP = YES;
				DEBUG_INFORMATION_FORMAT = "dwarf-with-dsym";
				ENABLE_NS_ASSERTIONS = NO;
				ENABLE_STRICT_OBJC_MSGSEND = YES;
				GCC_C_LANGUAGE_STANDARD = gnu99;
				GCC_WARN_64_TO_32_BIT_CONVERSION = YES;
				GCC_WARN_ABOUT_RETURN_TYPE = YES_ERROR;
				GCC_WARN_UNDECLARED_SELECTOR = YES;
				GCC_WARN_UNINITIALIZED_AUTOS = YES_AGGRESSIVE;
				GCC_WARN_UNUSED_FUNCTION = YES;
				GCC_WARN_UNUSED_VARIABLE = YES;
				MACOSX_DEPLOYMENT_TARGET = 10.9;
				MTL_ENABLE_DEBUG_INFO = NO;
				SDKROOT = macosx;
			};
			name = Release;
		};
		2BC9F7DC1AA6FA9A009A1331 /* Debug */ = {
			isa = XCBuildConfiguration;
			buildSettings = {
				PRODUCT_NAME = "$(TARGET_NAME)";
			};
			name = Debug;
		};
		2BC9F7DD1AA6FA9A009A1331 /* Release */ = {
			isa = XCBuildConfiguration;
			buildSettings = {
				PRODUCT_NAME = "$(TARGET_NAME)";
			};
			name = Release;
		};
/* End XCBuildConfiguration section */

/* Begin XCConfigurationList section */
		2BC9F7CF1AA6FA9A009A1331 /* Build configuration list for PBXProject "Controller_commandline" */ = {
			isa = XCConfigurationList;
			buildConfigurations = (
				2BC9F7D91AA6FA9A009A1331 /* Debug */,
				2BC9F7DA1AA6FA9A009A1331 /* Release */,
			);
			defaultConfigurationIsVisible = 0;
			defaultConfigurationName = Release;
		};
		2BC9F7DB1AA6FA9A009A1331 /* Build configuration list for PBXNativeTarget "Controller_commandline" */ = {
			isa = XCConfigurationList;
			buildConfigurations = (
				2BC9F7DC1AA6FA9A009A1331 /* Debug */,
				2BC9F7DD1AA6FA9A009A1331 /* Release */,
			);
			defaultConfigurationIsVisible = 0;
		};
/* End XCConfigurationList section */
	};
	rootObject = 2BC9F7CC1AA6FA9A009A1331 /* Project object */;
}
